
Microsoft Visual Studio Solution File, Format Version 12.00
# Visual Studio Version 16
VisualStudioVersion = 16.0.29123.88
MinimumVisualStudioVersion = 10.0.40219.1
Project("{FAE04EC0-301F-11D3-BF4B-00C04F79EFBC}") = "طلاب", "طلاب\طلاب.csproj", "{DB1158B2-7602-44C9-A86E-B6CDB039F058}"
EndProject
Global
	GlobalSection(SolutionConfigurationPlatforms) = preSolution
		Debug|Any CPU = Debug|Any CPU
		Release|Any CPU = Release|Any CPU
	EndGlobalSection
	GlobalSection(ProjectConfigurationPlatforms) = postSolution
		{DB1158B2-7602-44C9-A86E-B6CDB039F058}.Debug|Any CPU.ActiveCfg = Debug|Any CPU
		{DB1158B2-7602-44C9-A86E-B6CDB039F058}.Debug|Any CPU.Build.0 = Debug|Any CPU
		{DB1158B2-7602-44C9-A86E-B6CDB039F058}.Release|Any CPU.ActiveCfg = Release|Any CPU
		{DB1158B2-7602-44C9-A86E-B6CDB039F058}.Release|Any CPU.Build.0 = Release|Any CPU
	EndGlobalSection
	GlobalSection(SolutionProperties) = preSolution
		HideSolutionNode = FALSE
	EndGlobalSection
	GlobalSection(ExtensibilityGlobals) = postSolution
		SolutionGuid = {F92E650C-C5B3-49B1-A7A6-339929EAA217}
	EndGlobalSection
EndGlobal
